
Microsoft Visual Studio Solution File, Format Version 12.00
# Visual Studio Version 16
VisualStudioVersion = 16.0.31515.178
MinimumVisualStudioVersion = 10.0.40219.1
Project("{2150E333-8FDC-42A3-9474-1A3956D46DE8}") = "Services", "Services", "{DF8C909C-5A95-48AA-8929-37308EA777F5}"
EndProject
Project("{2150E333-8FDC-42A3-9474-1A3956D46DE8}") = "SolutionInfo", "SolutionInfo", "{D9741308-5CAE-4954-89DA-DA5E65D9F152}"
	ProjectSection(SolutionItems) = preProject
		Port.txt = Port.txt
	EndProjectSection
EndProject
Project("{2150E333-8FDC-42A3-9474-1A3956D46DE8}") = "Catalog", "Catalog", "{4C7D96EA-7C23-4014-AEE8-494EAB1EC25B}"
EndProject
Project("{9A19103F-16F7-4668-BE54-9A1E7A4F7556}") = "Course.Services.Catalog", "Services\Catalog\Course.Services.Catalog\Course.Services.Catalog.csproj", "{E23CD6A3-7E61-4F0D-87F1-C21F774189EE}"
EndProject
Project("{2150E333-8FDC-42A3-9474-1A3956D46DE8}") = "Shared", "Shared", "{FA78C4C0-7DB2-44F0-A683-9D77B22D513C}"
EndProject
Project("{9A19103F-16F7-4668-BE54-9A1E7A4F7556}") = "Course.Shared", "Shared\Course.Shared\Course.Shared.csproj", "{6F539382-59A7-45F6-9C6F-129DC0435A5E}"
EndProject
Project("{2150E333-8FDC-42A3-9474-1A3956D46DE8}") = "IdentityServer", "IdentityServer", "{7C13EDAD-5FC7-4630-B016-4366522818B3}"
EndProject
Project("{9A19103F-16F7-4668-BE54-9A1E7A4F7556}") = "Course.IdentityServer", "IdentityServer\Course.IdentityServer\Course.IdentityServer.csproj", "{4EE59ED4-CE37-4D4A-9B24-6B144A2E96D2}"
EndProject
Project("{2150E333-8FDC-42A3-9474-1A3956D46DE8}") = "PhotoStock", "PhotoStock", "{540718BE-82E6-4B6C-A03D-C335BB65AC3F}"
EndProject
Project("{9A19103F-16F7-4668-BE54-9A1E7A4F7556}") = "Course.Services.PhotoStock", "Services\PhotoStock\Course.Services.PhotoStock\Course.Services.PhotoStock.csproj", "{EB1E68F9-8D37-4F97-9657-9F45C78009C8}"
EndProject
Project("{2150E333-8FDC-42A3-9474-1A3956D46DE8}") = "Basket", "Basket", "{12142AF7-1744-46F9-96AC-C47C7F611B72}"
EndProject
Project("{9A19103F-16F7-4668-BE54-9A1E7A4F7556}") = "Course.Services.Basket", "Services\Basket\Course.Services.Basket\Course.Services.Basket.csproj", "{C1005127-43AD-49B6-B36E-9EE64C5051DB}"
EndProject
Project("{2150E333-8FDC-42A3-9474-1A3956D46DE8}") = "Discount", "Discount", "{75DC57FD-FD00-4C29-9129-A000618CC971}"
EndProject
Project("{9A19103F-16F7-4668-BE54-9A1E7A4F7556}") = "Course.Services.Discount", "Services\Discount\Course.Services.Discount\Course.Services.Discount.csproj", "{741620F2-3806-44E7-9045-49A6A1B078D7}"
EndProject
Project("{2150E333-8FDC-42A3-9474-1A3956D46DE8}") = "Order", "Order", "{10A480F3-6514-477C-AD5A-4215B31EF3F9}"
EndProject
Project("{9A19103F-16F7-4668-BE54-9A1E7A4F7556}") = "Course.Services.Order.Api", "Services\Order\Course.Services.Order.Api\Course.Services.Order.Api.csproj", "{8D74D778-7568-4768-BC89-F069B992463F}"
EndProject
Project("{9A19103F-16F7-4668-BE54-9A1E7A4F7556}") = "Course.Services.Order.Application", "Services\Order\Course.Services.Order.Application\Course.Services.Order.Application.csproj", "{7E209A9E-1DAB-461D-B445-B300851FCCBD}"
EndProject
Project("{9A19103F-16F7-4668-BE54-9A1E7A4F7556}") = "Course.Services.Order.Domain", "Services\Order\Course.Services.Order.Domain\Course.Services.Order.Domain.csproj", "{502C5790-E746-466B-9BD4-309804CC56C8}"
EndProject
Project("{9A19103F-16F7-4668-BE54-9A1E7A4F7556}") = "Course.Services.Order.Domain.Core", "Services\Order\Course.Services.Domain.Core\Course.Services.Order.Domain.Core.csproj", "{BF399558-5111-4C25-85CA-BD184C5D0D71}"
EndProject
Project("{9A19103F-16F7-4668-BE54-9A1E7A4F7556}") = "Course.Services.Order.Infrastucture", "Services\Order\Course.Services.Order.Infrastucture\Course.Services.Order.Infrastucture.csproj", "{F5D01941-3301-4591-9570-77090256C6ED}"
EndProject
Project("{2150E333-8FDC-42A3-9474-1A3956D46DE8}") = "Payment", "Payment", "{8D98C2F9-3327-422A-A0C3-DA433FFC3E28}"
EndProject
Project("{9A19103F-16F7-4668-BE54-9A1E7A4F7556}") = "Course.Services.PaymentApi", "Services\Payment\Course.Services.PaymentApi\Course.Services.PaymentApi.csproj", "{9EEC904B-F08D-4207-B3DA-EC3C2D3F83C8}"
EndProject
Project("{2150E333-8FDC-42A3-9474-1A3956D46DE8}") = "Gateways", "Gateways", "{780E8055-673B-4F30-9EC4-4599A598D94B}"
EndProject
Project("{9A19103F-16F7-4668-BE54-9A1E7A4F7556}") = "Course.GatewayClient1", "Gateways\Course.GatewayClient1\Course.GatewayClient1.csproj", "{C8D5ED32-FEEC-4A23-BB88-439F0D283E54}"
EndProject
Project("{2150E333-8FDC-42A3-9474-1A3956D46DE8}") = "Frontends", "Frontends", "{93CDC030-E441-484A-AACA-DE40F96D01B5}"
EndProject
Project("{FAE04EC0-301F-11D3-BF4B-00C04F79EFBC}") = "Course.Client1", "Frondends\Course.Client1\Course.Client1.csproj", "{B34CF8D0-836C-4038-AE38-488982586531}"
EndProject
Global
	GlobalSection(SolutionConfigurationPlatforms) = preSolution
		Debug|Any CPU = Debug|Any CPU
		Release|Any CPU = Release|Any CPU
	EndGlobalSection
	GlobalSection(ProjectConfigurationPlatforms) = postSolution
		{E23CD6A3-7E61-4F0D-87F1-C21F774189EE}.Debug|Any CPU.ActiveCfg = Debug|Any CPU
		{E23CD6A3-7E61-4F0D-87F1-C21F774189EE}.Debug|Any CPU.Build.0 = Debug|Any CPU
		{E23CD6A3-7E61-4F0D-87F1-C21F774189EE}.Release|Any CPU.ActiveCfg = Release|Any CPU
		{E23CD6A3-7E61-4F0D-87F1-C21F774189EE}.Release|Any CPU.Build.0 = Release|Any CPU
		{6F539382-59A7-45F6-9C6F-129DC0435A5E}.Debug|Any CPU.ActiveCfg = Debug|Any CPU
		{6F539382-59A7-45F6-9C6F-129DC0435A5E}.Debug|Any CPU.Build.0 = Debug|Any CPU
		{6F539382-59A7-45F6-9C6F-129DC0435A5E}.Release|Any CPU.ActiveCfg = Release|Any CPU
		{6F539382-59A7-45F6-9C6F-129DC0435A5E}.Release|Any CPU.Build.0 = Release|Any CPU
		{4EE59ED4-CE37-4D4A-9B24-6B144A2E96D2}.Debug|Any CPU.ActiveCfg = Debug|Any CPU
		{4EE59ED4-CE37-4D4A-9B24-6B144A2E96D2}.Debug|Any CPU.Build.0 = Debug|Any CPU
		{4EE59ED4-CE37-4D4A-9B24-6B144A2E96D2}.Release|Any CPU.ActiveCfg = Release|Any CPU
		{4EE59ED4-CE37-4D4A-9B24-6B144A2E96D2}.Release|Any CPU.Build.0 = Release|Any CPU
		{EB1E68F9-8D37-4F97-9657-9F45C78009C8}.Debug|Any CPU.ActiveCfg = Debug|Any CPU
		{EB1E68F9-8D37-4F97-9657-9F45C78009C8}.Debug|Any CPU.Build.0 = Debug|Any CPU
		{EB1E68F9-8D37-4F97-9657-9F45C78009C8}.Release|Any CPU.ActiveCfg = Release|Any CPU
		{EB1E68F9-8D37-4F97-9657-9F45C78009C8}.Release|Any CPU.Build.0 = Release|Any CPU
		{C1005127-43AD-49B6-B36E-9EE64C5051DB}.Debug|Any CPU.ActiveCfg = Debug|Any CPU
		{C1005127-43AD-49B6-B36E-9EE64C5051DB}.Debug|Any CPU.Build.0 = Debug|Any CPU
		{C1005127-43AD-49B6-B36E-9EE64C5051DB}.Release|Any CPU.ActiveCfg = Release|Any CPU
		{C1005127-43AD-49B6-B36E-9EE64C5051DB}.Release|Any CPU.Build.0 = Release|Any CPU
		{741620F2-3806-44E7-9045-49A6A1B078D7}.Debug|Any CPU.ActiveCfg = Debug|Any CPU
		{741620F2-3806-44E7-9045-49A6A1B078D7}.Debug|Any CPU.Build.0 = Debug|Any CPU
		{741620F2-3806-44E7-9045-49A6A1B078D7}.Release|Any CPU.ActiveCfg = Release|Any CPU
		{741620F2-3806-44E7-9045-49A6A1B078D7}.Release|Any CPU.Build.0 = Release|Any CPU
		{8D74D778-7568-4768-BC89-F069B992463F}.Debug|Any CPU.ActiveCfg = Debug|Any CPU
		{8D74D778-7568-4768-BC89-F069B992463F}.Debug|Any CPU.Build.0 = Debug|Any CPU
		{8D74D778-7568-4768-BC89-F069B992463F}.Release|Any CPU.ActiveCfg = Release|Any CPU
		{8D74D778-7568-4768-BC89-F069B992463F}.Release|Any CPU.Build.0 = Release|Any CPU
		{7E209A9E-1DAB-461D-B445-B300851FCCBD}.Debug|Any CPU.ActiveCfg = Debug|Any CPU
		{7E209A9E-1DAB-461D-B445-B300851FCCBD}.Debug|Any CPU.Build.0 = Debug|Any CPU
		{7E209A9E-1DAB-461D-B445-B300851FCCBD}.Release|Any CPU.ActiveCfg = Release|Any CPU
		{7E209A9E-1DAB-461D-B445-B300851FCCBD}.Release|Any CPU.Build.0 = Release|Any CPU
		{502C5790-E746-466B-9BD4-309804CC56C8}.Debug|Any CPU.ActiveCfg = Debug|Any CPU
		{502C5790-E746-466B-9BD4-309804CC56C8}.Debug|Any CPU.Build.0 = Debug|Any CPU
		{502C5790-E746-466B-9BD4-309804CC56C8}.Release|Any CPU.ActiveCfg = Release|Any CPU
		{502C5790-E746-466B-9BD4-309804CC56C8}.Release|Any CPU.Build.0 = Release|Any CPU
		{BF399558-5111-4C25-85CA-BD184C5D0D71}.Debug|Any CPU.ActiveCfg = Debug|Any CPU
		{BF399558-5111-4C25-85CA-BD184C5D0D71}.Debug|Any CPU.Build.0 = Debug|Any CPU
		{BF399558-5111-4C25-85CA-BD184C5D0D71}.Release|Any CPU.ActiveCfg = Release|Any CPU
		{BF399558-5111-4C25-85CA-BD184C5D0D71}.Release|Any CPU.Build.0 = Release|Any CPU
		{F5D01941-3301-4591-9570-77090256C6ED}.Debug|Any CPU.ActiveCfg = Debug|Any CPU
		{F5D01941-3301-4591-9570-77090256C6ED}.Debug|Any CPU.Build.0 = Debug|Any CPU
		{F5D01941-3301-4591-9570-77090256C6ED}.Release|Any CPU.ActiveCfg = Release|Any CPU
		{F5D01941-3301-4591-9570-77090256C6ED}.Release|Any CPU.Build.0 = Release|Any CPU
		{9EEC904B-F08D-4207-B3DA-EC3C2D3F83C8}.Debug|Any CPU.ActiveCfg = Debug|Any CPU
		{9EEC904B-F08D-4207-B3DA-EC3C2D3F83C8}.Debug|Any CPU.Build.0 = Debug|Any CPU
		{9EEC904B-F08D-4207-B3DA-EC3C2D3F83C8}.Release|Any CPU.ActiveCfg = Release|Any CPU
		{9EEC904B-F08D-4207-B3DA-EC3C2D3F83C8}.Release|Any CPU.Build.0 = Release|Any CPU
		{C8D5ED32-FEEC-4A23-BB88-439F0D283E54}.Debug|Any CPU.ActiveCfg = Debug|Any CPU
		{C8D5ED32-FEEC-4A23-BB88-439F0D283E54}.Debug|Any CPU.Build.0 = Debug|Any CPU
		{C8D5ED32-FEEC-4A23-BB88-439F0D283E54}.Release|Any CPU.ActiveCfg = Release|Any CPU
		{C8D5ED32-FEEC-4A23-BB88-439F0D283E54}.Release|Any CPU.Build.0 = Release|Any CPU
		{B34CF8D0-836C-4038-AE38-488982586531}.Debug|Any CPU.ActiveCfg = Debug|Any CPU
		{B34CF8D0-836C-4038-AE38-488982586531}.Debug|Any CPU.Build.0 = Debug|Any CPU
		{B34CF8D0-836C-4038-AE38-488982586531}.Release|Any CPU.ActiveCfg = Release|Any CPU
		{B34CF8D0-836C-4038-AE38-488982586531}.Release|Any CPU.Build.0 = Release|Any CPU
	EndGlobalSection
	GlobalSection(SolutionProperties) = preSolution
		HideSolutionNode = FALSE
	EndGlobalSection
	GlobalSection(NestedProjects) = preSolution
		{4C7D96EA-7C23-4014-AEE8-494EAB1EC25B} = {DF8C909C-5A95-48AA-8929-37308EA777F5}
		{E23CD6A3-7E61-4F0D-87F1-C21F774189EE} = {4C7D96EA-7C23-4014-AEE8-494EAB1EC25B}
		{6F539382-59A7-45F6-9C6F-129DC0435A5E} = {FA78C4C0-7DB2-44F0-A683-9D77B22D513C}
		{4EE59ED4-CE37-4D4A-9B24-6B144A2E96D2} = {7C13EDAD-5FC7-4630-B016-4366522818B3}
		{540718BE-82E6-4B6C-A03D-C335BB65AC3F} = {DF8C909C-5A95-48AA-8929-37308EA777F5}
		{EB1E68F9-8D37-4F97-9657-9F45C78009C8} = {540718BE-82E6-4B6C-A03D-C335BB65AC3F}
		{12142AF7-1744-46F9-96AC-C47C7F611B72} = {DF8C909C-5A95-48AA-8929-37308EA777F5}
		{C1005127-43AD-49B6-B36E-9EE64C5051DB} = {12142AF7-1744-46F9-96AC-C47C7F611B72}
		{75DC57FD-FD00-4C29-9129-A000618CC971} = {DF8C909C-5A95-48AA-8929-37308EA777F5}
		{741620F2-3806-44E7-9045-49A6A1B078D7} = {75DC57FD-FD00-4C29-9129-A000618CC971}
		{10A480F3-6514-477C-AD5A-4215B31EF3F9} = {DF8C909C-5A95-48AA-8929-37308EA777F5}
		{8D74D778-7568-4768-BC89-F069B992463F} = {10A480F3-6514-477C-AD5A-4215B31EF3F9}
		{7E209A9E-1DAB-461D-B445-B300851FCCBD} = {10A480F3-6514-477C-AD5A-4215B31EF3F9}
		{502C5790-E746-466B-9BD4-309804CC56C8} = {10A480F3-6514-477C-AD5A-4215B31EF3F9}
		{BF399558-5111-4C25-85CA-BD184C5D0D71} = {10A480F3-6514-477C-AD5A-4215B31EF3F9}
		{F5D01941-3301-4591-9570-77090256C6ED} = {10A480F3-6514-477C-AD5A-4215B31EF3F9}
		{8D98C2F9-3327-422A-A0C3-DA433FFC3E28} = {DF8C909C-5A95-48AA-8929-37308EA777F5}
		{9EEC904B-F08D-4207-B3DA-EC3C2D3F83C8} = {8D98C2F9-3327-422A-A0C3-DA433FFC3E28}
		{C8D5ED32-FEEC-4A23-BB88-439F0D283E54} = {780E8055-673B-4F30-9EC4-4599A598D94B}
		{B34CF8D0-836C-4038-AE38-488982586531} = {93CDC030-E441-484A-AACA-DE40F96D01B5}
	EndGlobalSection
	GlobalSection(ExtensibilityGlobals) = postSolution
		SolutionGuid = {78293E6A-2A53-4833-98D7-5657FE1BEE31}
	EndGlobalSection
EndGlobal
